// !$*UTF8*$!
{
	archiveVersion = 1;
	classes = {
	};
	objectVersion = 77;
	objects = {

/* Begin PBXBuildFile section */
		A00000000000000000000150 /* Assets.xcassets in Resources */ = {isa = PBXBuildFile; fileRef = A00000000000000000000151 /* Assets.xcassets */; };
		A00000000000000000000013 /* AppDependencies.swift in Sources */ = {isa = PBXBuildFile; fileRef = A00000000000000000000024 /* AppDependencies.swift */; };
		A00000000000000000000014 /* WindowStyler.swift in Sources */ = {isa = PBXBuildFile; fileRef = A00000000000000000000025 /* WindowStyler.swift */; };
		A00000000000000000000015 /* QuoteBoardView.swift in Sources */ = {isa = PBXBuildFile; fileRef = A00000000000000000000026 /* QuoteBoardView.swift */; };
		A00000000000000000000011 /* RealTimeQuoteApp.swift in Sources */ = {isa = PBXBuildFile; fileRef = A00000000000000000000021 /* RealTimeQuoteApp.swift */; };
		A00000000000000000000012 /* XCTest.framework in Frameworks */ = {isa = PBXBuildFile; fileRef = A00000000000000000000031 /* XCTest.framework */; };
		A00000000000000000000016 /* TradingPairTests.swift in Sources */ = {isa = PBXBuildFile; fileRef = A00000000000000000000027 /* TradingPairTests.swift */; };
		A00000000000000000000032 /* QuoteEngineTests.swift in Sources */ = {isa = PBXBuildFile; fileRef = A00000000000000000000033 /* QuoteEngineTests.swift */; };
		A00000000000000000000034 /* ExchangeQuoteStreaming.swift in Sources */ = {isa = PBXBuildFile; fileRef = A00000000000000000000035 /* ExchangeQuoteStreaming.swift */; };
		A00000000000000000000036 /* ExchangeStreamEvent.swift in Sources */ = {isa = PBXBuildFile; fileRef = A00000000000000000000037 /* ExchangeStreamEvent.swift */; };
		A00000000000000000000038 /* QuoteEngine.swift in Sources */ = {isa = PBXBuildFile; fileRef = A00000000000000000000039 /* QuoteEngine.swift */; };
		A00000000000000000000017 /* ExchangeID.swift in Sources */ = {isa = PBXBuildFile; fileRef = A00000000000000000000028 /* ExchangeID.swift */; };
		A00000000000000000000018 /* TradingPair.swift in Sources */ = {isa = PBXBuildFile; fileRef = A00000000000000000000029 /* TradingPair.swift */; };
		A00000000000000000000019 /* ConnectionState.swift in Sources */ = {isa = PBXBuildFile; fileRef = A0000000000000000000002A /* ConnectionState.swift */; };
		A0000000000000000000001A /* QuoteSnapshot.swift in Sources */ = {isa = PBXBuildFile; fileRef = A0000000000000000000002B /* QuoteSnapshot.swift */; };
		A0000000000000000000001B /* AppSettingsStore.swift in Sources */ = {isa = PBXBuildFile; fileRef = A0000000000000000000002C /* AppSettingsStore.swift */; };
		A0000000000000000000001C /* QuoteBoardViewModel.swift in Sources */ = {isa = PBXBuildFile; fileRef = A0000000000000000000002D /* QuoteBoardViewModel.swift */; };
		A00000000000000000000111 /* CoinbaseTickerMessageTests.swift in Sources */ = {isa = PBXBuildFile; fileRef = A00000000000000000000112 /* CoinbaseTickerMessageTests.swift */; };
		A00000000000000000000113 /* OKXTickerEnvelopeTests.swift in Sources */ = {isa = PBXBuildFile; fileRef = A00000000000000000000114 /* OKXTickerEnvelopeTests.swift */; };
		A00000000000000000000115 /* CoinbaseTickerMessage.swift in Sources */ = {isa = PBXBuildFile; fileRef = A00000000000000000000116 /* CoinbaseTickerMessage.swift */; };
		A00000000000000000000117 /* CoinbaseQuoteStream.swift in Sources */ = {isa = PBXBuildFile; fileRef = A00000000000000000000118 /* CoinbaseQuoteStream.swift */; };
		A00000000000000000000119 /* OKXTickerEnvelope.swift in Sources */ = {isa = PBXBuildFile; fileRef = A0000000000000000000011A /* OKXTickerEnvelope.swift */; };
		A0000000000000000000011B /* OKXQuoteStream.swift in Sources */ = {isa = PBXBuildFile; fileRef = A0000000000000000000011C /* OKXQuoteStream.swift */; };
		A00000000000000000000120 /* ExchangePickerView.swift in Sources */ = {isa = PBXBuildFile; fileRef = A00000000000000000000121 /* ExchangePickerView.swift */; };
		A00000000000000000000152 /* MarketDetailsSnapshot.swift in Sources */ = {isa = PBXBuildFile; fileRef = A00000000000000000000153 /* MarketDetailsSnapshot.swift */; };
		A00000000000000000000154 /* ExchangeMarketDetailsLoading.swift in Sources */ = {isa = PBXBuildFile; fileRef = A00000000000000000000155 /* ExchangeMarketDetailsLoading.swift */; };
		A00000000000000000000156 /* CoinbaseMarketDetailsLoader.swift in Sources */ = {isa = PBXBuildFile; fileRef = A00000000000000000000157 /* CoinbaseMarketDetailsLoader.swift */; };
		A00000000000000000000158 /* OKXMarketDetailsLoader.swift in Sources */ = {isa = PBXBuildFile; fileRef = A00000000000000000000159 /* OKXMarketDetailsLoader.swift */; };
		A00000000000000000000160 /* ReferenceStatsSnapshot.swift in Sources */ = {isa = PBXBuildFile; fileRef = A00000000000000000000161 /* ReferenceStatsSnapshot.swift */; };
		A00000000000000000000162 /* ReferenceStatsLoading.swift in Sources */ = {isa = PBXBuildFile; fileRef = A00000000000000000000163 /* ReferenceStatsLoading.swift */; };
		A00000000000000000000164 /* CoinGeckoReferenceStatsLoader.swift in Sources */ = {isa = PBXBuildFile; fileRef = A00000000000000000000165 /* CoinGeckoReferenceStatsLoader.swift */; };
		A00000000000000000000122 /* TradingPairPickerView.swift in Sources */ = {isa = PBXBuildFile; fileRef = A00000000000000000000123 /* TradingPairPickerView.swift */; };
		A00000000000000000000124 /* PriceHeaderView.swift in Sources */ = {isa = PBXBuildFile; fileRef = A00000000000000000000125 /* PriceHeaderView.swift */; };
		A00000000000000000000126 /* StatsGridView.swift in Sources */ = {isa = PBXBuildFile; fileRef = A00000000000000000000127 /* StatsGridView.swift */; };
		A00000000000000000000128 /* ConnectionBadgeView.swift in Sources */ = {isa = PBXBuildFile; fileRef = A00000000000000000000129 /* ConnectionBadgeView.swift */; };
		A00000000000000000000130 /* QuoteBoardPresentationStateTests.swift in Sources */ = {isa = PBXBuildFile; fileRef = A00000000000000000000131 /* QuoteBoardPresentationStateTests.swift */; };
		A00000000000000000000140 /* RuntimeConfigLoaderTests.swift in Sources */ = {isa = PBXBuildFile; fileRef = A00000000000000000000141 /* RuntimeConfigLoaderTests.swift */; };
		A00000000000000000000142 /* RuntimeConfig.swift in Sources */ = {isa = PBXBuildFile; fileRef = A00000000000000000000143 /* RuntimeConfig.swift */; };
		A00000000000000000000144 /* RuntimeConfigSource.swift in Sources */ = {isa = PBXBuildFile; fileRef = A00000000000000000000145 /* RuntimeConfigSource.swift */; };
		A00000000000000000000147 /* RuntimeConfigLoader.swift in Sources */ = {isa = PBXBuildFile; fileRef = A00000000000000000000148 /* RuntimeConfigLoader.swift */; };
		A00000000000000000000149 /* AppDependenciesConfigTests.swift in Sources */ = {isa = PBXBuildFile; fileRef = A0000000000000000000014A /* AppDependenciesConfigTests.swift */; };
/* End PBXBuildFile section */

/* Begin PBXContainerItemProxy section */
		A00000000000000000000041 /* PBXContainerItemProxy */ = {
			isa = PBXContainerItemProxy;
			containerPortal = A00000000000000000000000 /* Project object */;
			proxyType = 1;
			remoteGlobalIDString = A00000000000000000000001;
			remoteInfo = RealTimeQuote;
		};
/* End PBXContainerItemProxy section */

/* Begin PBXFileReference section */
		A00000000000000000000151 /* Assets.xcassets */ = {isa = PBXFileReference; lastKnownFileType = folder.assetcatalog; path = Assets.xcassets; sourceTree = "<group>"; };
		A00000000000000000000021 /* RealTimeQuoteApp.swift */ = {isa = PBXFileReference; lastKnownFileType = sourcecode.swift; path = RealTimeQuoteApp.swift; sourceTree = "<group>"; };
		A00000000000000000000024 /* AppDependencies.swift */ = {isa = PBXFileReference; lastKnownFileType = sourcecode.swift; path = AppDependencies.swift; sourceTree = "<group>"; };
		A00000000000000000000025 /* WindowStyler.swift */ = {isa = PBXFileReference; lastKnownFileType = sourcecode.swift; path = WindowStyler.swift; sourceTree = "<group>"; };
		A00000000000000000000026 /* QuoteBoardView.swift */ = {isa = PBXFileReference; lastKnownFileType = sourcecode.swift; path = QuoteBoardView.swift; sourceTree = "<group>"; };
		A00000000000000000000027 /* TradingPairTests.swift */ = {isa = PBXFileReference; lastKnownFileType = sourcecode.swift; path = TradingPairTests.swift; sourceTree = "<group>"; };
		A00000000000000000000033 /* QuoteEngineTests.swift */ = {isa = PBXFileReference; lastKnownFileType = sourcecode.swift; path = QuoteEngineTests.swift; sourceTree = "<group>"; };
		A00000000000000000000035 /* ExchangeQuoteStreaming.swift */ = {isa = PBXFileReference; lastKnownFileType = sourcecode.swift; path = ExchangeQuoteStreaming.swift; sourceTree = "<group>"; };
		A00000000000000000000037 /* ExchangeStreamEvent.swift */ = {isa = PBXFileReference; lastKnownFileType = sourcecode.swift; path = ExchangeStreamEvent.swift; sourceTree = "<group>"; };
		A00000000000000000000039 /* QuoteEngine.swift */ = {isa = PBXFileReference; lastKnownFileType = sourcecode.swift; path = QuoteEngine.swift; sourceTree = "<group>"; };
		A00000000000000000000028 /* ExchangeID.swift */ = {isa = PBXFileReference; lastKnownFileType = sourcecode.swift; path = ExchangeID.swift; sourceTree = "<group>"; };
		A00000000000000000000029 /* TradingPair.swift */ = {isa = PBXFileReference; lastKnownFileType = sourcecode.swift; path = TradingPair.swift; sourceTree = "<group>"; };
		A0000000000000000000002A /* ConnectionState.swift */ = {isa = PBXFileReference; lastKnownFileType = sourcecode.swift; path = ConnectionState.swift; sourceTree = "<group>"; };
		A0000000000000000000002B /* QuoteSnapshot.swift */ = {isa = PBXFileReference; lastKnownFileType = sourcecode.swift; path = QuoteSnapshot.swift; sourceTree = "<group>"; };
		A0000000000000000000002C /* AppSettingsStore.swift */ = {isa = PBXFileReference; lastKnownFileType = sourcecode.swift; path = AppSettingsStore.swift; sourceTree = "<group>"; };
		A0000000000000000000002D /* QuoteBoardViewModel.swift */ = {isa = PBXFileReference; lastKnownFileType = sourcecode.swift; path = QuoteBoardViewModel.swift; sourceTree = "<group>"; };
		A00000000000000000000112 /* CoinbaseTickerMessageTests.swift */ = {isa = PBXFileReference; lastKnownFileType = sourcecode.swift; path = CoinbaseTickerMessageTests.swift; sourceTree = "<group>"; };
		A00000000000000000000114 /* OKXTickerEnvelopeTests.swift */ = {isa = PBXFileReference; lastKnownFileType = sourcecode.swift; path = OKXTickerEnvelopeTests.swift; sourceTree = "<group>"; };
		A00000000000000000000116 /* CoinbaseTickerMessage.swift */ = {isa = PBXFileReference; lastKnownFileType = sourcecode.swift; path = CoinbaseTickerMessage.swift; sourceTree = "<group>"; };
		A00000000000000000000118 /* CoinbaseQuoteStream.swift */ = {isa = PBXFileReference; lastKnownFileType = sourcecode.swift; path = CoinbaseQuoteStream.swift; sourceTree = "<group>"; };
		A0000000000000000000011A /* OKXTickerEnvelope.swift */ = {isa = PBXFileReference; lastKnownFileType = sourcecode.swift; path = OKXTickerEnvelope.swift; sourceTree = "<group>"; };
		A0000000000000000000011C /* OKXQuoteStream.swift */ = {isa = PBXFileReference; lastKnownFileType = sourcecode.swift; path = OKXQuoteStream.swift; sourceTree = "<group>"; };
		A00000000000000000000121 /* ExchangePickerView.swift */ = {isa = PBXFileReference; lastKnownFileType = sourcecode.swift; path = ExchangePickerView.swift; sourceTree = "<group>"; };
		A00000000000000000000153 /* MarketDetailsSnapshot.swift */ = {isa = PBXFileReference; lastKnownFileType = sourcecode.swift; path = MarketDetailsSnapshot.swift; sourceTree = "<group>"; };
		A00000000000000000000155 /* ExchangeMarketDetailsLoading.swift */ = {isa = PBXFileReference; lastKnownFileType = sourcecode.swift; path = ExchangeMarketDetailsLoading.swift; sourceTree = "<group>"; };
		A00000000000000000000157 /* CoinbaseMarketDetailsLoader.swift */ = {isa = PBXFileReference; lastKnownFileType = sourcecode.swift; path = CoinbaseMarketDetailsLoader.swift; sourceTree = "<group>"; };
		A00000000000000000000159 /* OKXMarketDetailsLoader.swift */ = {isa = PBXFileReference; lastKnownFileType = sourcecode.swift; path = OKXMarketDetailsLoader.swift; sourceTree = "<group>"; };
		A00000000000000000000161 /* ReferenceStatsSnapshot.swift */ = {isa = PBXFileReference; lastKnownFileType = sourcecode.swift; path = ReferenceStatsSnapshot.swift; sourceTree = "<group>"; };
		A00000000000000000000163 /* ReferenceStatsLoading.swift */ = {isa = PBXFileReference; lastKnownFileType = sourcecode.swift; path = ReferenceStatsLoading.swift; sourceTree = "<group>"; };
		A00000000000000000000165 /* CoinGeckoReferenceStatsLoader.swift */ = {isa = PBXFileReference; lastKnownFileType = sourcecode.swift; path = CoinGeckoReferenceStatsLoader.swift; sourceTree = "<group>"; };
		A00000000000000000000123 /* TradingPairPickerView.swift */ = {isa = PBXFileReference; lastKnownFileType = sourcecode.swift; path = TradingPairPickerView.swift; sourceTree = "<group>"; };
		A00000000000000000000125 /* PriceHeaderView.swift */ = {isa = PBXFileReference; lastKnownFileType = sourcecode.swift; path = PriceHeaderView.swift; sourceTree = "<group>"; };
		A00000000000000000000127 /* StatsGridView.swift */ = {isa = PBXFileReference; lastKnownFileType = sourcecode.swift; path = StatsGridView.swift; sourceTree = "<group>"; };
		A00000000000000000000129 /* ConnectionBadgeView.swift */ = {isa = PBXFileReference; lastKnownFileType = sourcecode.swift; path = ConnectionBadgeView.swift; sourceTree = "<group>"; };
		A00000000000000000000131 /* QuoteBoardPresentationStateTests.swift */ = {isa = PBXFileReference; lastKnownFileType = sourcecode.swift; path = QuoteBoardPresentationStateTests.swift; sourceTree = "<group>"; };
		A00000000000000000000141 /* RuntimeConfigLoaderTests.swift */ = {isa = PBXFileReference; lastKnownFileType = sourcecode.swift; path = RuntimeConfigLoaderTests.swift; sourceTree = "<group>"; };
		A00000000000000000000143 /* RuntimeConfig.swift */ = {isa = PBXFileReference; lastKnownFileType = sourcecode.swift; path = RuntimeConfig.swift; sourceTree = "<group>"; };
		A00000000000000000000145 /* RuntimeConfigSource.swift */ = {isa = PBXFileReference; lastKnownFileType = sourcecode.swift; path = RuntimeConfigSource.swift; sourceTree = "<group>"; };
		A00000000000000000000148 /* RuntimeConfigLoader.swift */ = {isa = PBXFileReference; lastKnownFileType = sourcecode.swift; path = RuntimeConfigLoader.swift; sourceTree = "<group>"; };
		A0000000000000000000014A /* AppDependenciesConfigTests.swift */ = {isa = PBXFileReference; lastKnownFileType = sourcecode.swift; path = AppDependenciesConfigTests.swift; sourceTree = "<group>"; };
		A00000000000000000000022 /* RealTimeQuote.app */ = {isa = PBXFileReference; explicitFileType = wrapper.application; includeInIndex = 0; path = RealTimeQuote.app; sourceTree = BUILT_PRODUCTS_DIR; };
		A00000000000000000000023 /* RealTimeQuoteTests.xctest */ = {isa = PBXFileReference; explicitFileType = wrapper.cfbundle; includeInIndex = 0; path = RealTimeQuoteTests.xctest; sourceTree = BUILT_PRODUCTS_DIR; };
		A00000000000000000000031 /* XCTest.framework */ = {isa = PBXFileReference; lastKnownFileType = wrapper.framework; name = XCTest.framework; path = Platforms/MacOSX.platform/Developer/Library/Frameworks/XCTest.framework; sourceTree = DEVELOPER_DIR; };
/* End PBXFileReference section */

/* Begin PBXFrameworksBuildPhase section */
		A00000000000000000000051 /* Frameworks */ = {
			isa = PBXFrameworksBuildPhase;
			buildActionMask = 2147483647;
			files = (
			);
			runOnlyForDeploymentPostprocessing = 0;
		};
		A00000000000000000000052 /* Frameworks */ = {
			isa = PBXFrameworksBuildPhase;
			buildActionMask = 2147483647;
			files = (
				A00000000000000000000012 /* XCTest.framework in Frameworks */,
			);
			runOnlyForDeploymentPostprocessing = 0;
		};
/* End PBXFrameworksBuildPhase section */

/* Begin PBXGroup section */
		A00000000000000000000061 = {
			isa = PBXGroup;
			children = (
				A00000000000000000000062 /* RealTimeQuote */,
				A00000000000000000000067 /* RealTimeQuoteTests */,
				A00000000000000000000063 /* Frameworks */,
				A00000000000000000000064 /* Products */,
			);
			sourceTree = "<group>";
		};
		A00000000000000000000062 /* RealTimeQuote */ = {
			isa = PBXGroup;
			children = (
				A00000000000000000000151 /* Assets.xcassets */,
				A00000000000000000000065 /* App */,
				A00000000000000000000146 /* Config */,
				A00000000000000000000068 /* Models */,
				A00000000000000000000069 /* Services */,
				A0000000000000000000006A /* ViewModels */,
				A00000000000000000000066 /* Views */,
				A00000000000000000000021 /* RealTimeQuoteApp.swift */,
			);
			path = RealTimeQuote;
			sourceTree = "<group>";
		};
		A00000000000000000000065 /* App */ = {
			isa = PBXGroup;
			children = (
				A00000000000000000000024 /* AppDependencies.swift */,
				A00000000000000000000025 /* WindowStyler.swift */,
			);
			path = App;
			sourceTree = "<group>";
		};
		A00000000000000000000066 /* Views */ = {
			isa = PBXGroup;
			children = (
				A0000000000000000000012A /* Components */,
				A00000000000000000000026 /* QuoteBoardView.swift */,
			);
			path = Views;
			sourceTree = "<group>";
		};
		A0000000000000000000012A /* Components */ = {
			isa = PBXGroup;
			children = (
				A00000000000000000000129 /* ConnectionBadgeView.swift */,
				A00000000000000000000121 /* ExchangePickerView.swift */,
				A00000000000000000000125 /* PriceHeaderView.swift */,
				A00000000000000000000127 /* StatsGridView.swift */,
				A00000000000000000000123 /* TradingPairPickerView.swift */,
			);
			path = Components;
			sourceTree = "<group>";
		};
		A00000000000000000000146 /* Config */ = {
			isa = PBXGroup;
			children = (
				A00000000000000000000148 /* RuntimeConfigLoader.swift */,
				A00000000000000000000143 /* RuntimeConfig.swift */,
				A00000000000000000000145 /* RuntimeConfigSource.swift */,
			);
			path = Config;
			sourceTree = "<group>";
		};
		A00000000000000000000067 /* RealTimeQuoteTests */ = {
			isa = PBXGroup;
			children = (
				A00000000000000000000112 /* CoinbaseTickerMessageTests.swift */,
				A00000000000000000000114 /* OKXTickerEnvelopeTests.swift */,
				A0000000000000000000014A /* AppDependenciesConfigTests.swift */,
				A00000000000000000000131 /* QuoteBoardPresentationStateTests.swift */,
				A00000000000000000000141 /* RuntimeConfigLoaderTests.swift */,
				A00000000000000000000027 /* TradingPairTests.swift */,
				A00000000000000000000033 /* QuoteEngineTests.swift */,
			);
			path = RealTimeQuoteTests;
			sourceTree = "<group>";
		};
		A00000000000000000000068 /* Models */ = {
			isa = PBXGroup;
			children = (
				A00000000000000000000028 /* ExchangeID.swift */,
				A00000000000000000000153 /* MarketDetailsSnapshot.swift */,
				A00000000000000000000161 /* ReferenceStatsSnapshot.swift */,
				A00000000000000000000029 /* TradingPair.swift */,
				A0000000000000000000002A /* ConnectionState.swift */,
				A0000000000000000000002B /* QuoteSnapshot.swift */,
			);
			path = Models;
			sourceTree = "<group>";
		};
		A00000000000000000000069 /* Services */ = {
			isa = PBXGroup;
			children = (
				A0000000000000000000002C /* AppSettingsStore.swift */,
				A0000000000000000000006B /* Exchanges */,
				A00000000000000000000166 /* ReferenceData */,
			);
			path = Services;
			sourceTree = "<group>";
		};
		A00000000000000000000166 /* ReferenceData */ = {
			isa = PBXGroup;
			children = (
				A00000000000000000000165 /* CoinGeckoReferenceStatsLoader.swift */,
				A00000000000000000000163 /* ReferenceStatsLoading.swift */,
			);
			path = ReferenceData;
			sourceTree = "<group>";
		};
		A0000000000000000000006B /* Exchanges */ = {
			isa = PBXGroup;
			children = (
				A0000000000000000000011D /* Coinbase */,
				A00000000000000000000155 /* ExchangeMarketDetailsLoading.swift */,
				A00000000000000000000035 /* ExchangeQuoteStreaming.swift */,
				A00000000000000000000037 /* ExchangeStreamEvent.swift */,
				A0000000000000000000011E /* OKX */,
				A00000000000000000000039 /* QuoteEngine.swift */,
			);
			path = Exchanges;
			sourceTree = "<group>";
		};
		A0000000000000000000011D /* Coinbase */ = {
			isa = PBXGroup;
			children = (
				A00000000000000000000157 /* CoinbaseMarketDetailsLoader.swift */,
				A00000000000000000000116 /* CoinbaseTickerMessage.swift */,
				A00000000000000000000118 /* CoinbaseQuoteStream.swift */,
			);
			path = Coinbase;
			sourceTree = "<group>";
		};
		A0000000000000000000011E /* OKX */ = {
			isa = PBXGroup;
			children = (
				A00000000000000000000159 /* OKXMarketDetailsLoader.swift */,
				A0000000000000000000011A /* OKXTickerEnvelope.swift */,
				A0000000000000000000011C /* OKXQuoteStream.swift */,
			);
			path = OKX;
			sourceTree = "<group>";
		};
		A0000000000000000000006A /* ViewModels */ = {
			isa = PBXGroup;
			children = (
				A0000000000000000000002D /* QuoteBoardViewModel.swift */,
			);
			path = ViewModels;
			sourceTree = "<group>";
		};
		A00000000000000000000063 /* Frameworks */ = {
			isa = PBXGroup;
			children = (
				A00000000000000000000031 /* XCTest.framework */,
			);
			sourceTree = "<group>";
		};
		A00000000000000000000064 /* Products */ = {
			isa = PBXGroup;
			children = (
				A00000000000000000000022 /* RealTimeQuote.app */,
				A00000000000000000000023 /* RealTimeQuoteTests.xctest */,
			);
			sourceTree = "<group>";
		};
/* End PBXGroup section */

/* Begin PBXNativeTarget section */
		A00000000000000000000001 /* RealTimeQuote */ = {
			isa = PBXNativeTarget;
			buildConfigurationList = A00000000000000000000071 /* Build configuration list for PBXNativeTarget "RealTimeQuote" */;
			buildPhases = (
				A00000000000000000000081 /* Sources */,
				A00000000000000000000051 /* Frameworks */,
				A00000000000000000000091 /* Resources */,
			);
			buildRules = (
			);
			dependencies = (
			);
			name = RealTimeQuote;
			productName = RealTimeQuote;
			productReference = A00000000000000000000022 /* RealTimeQuote.app */;
			productType = "com.apple.product-type.application";
		};
		A00000000000000000000002 /* RealTimeQuoteTests */ = {
			isa = PBXNativeTarget;
			buildConfigurationList = A00000000000000000000072 /* Build configuration list for PBXNativeTarget "RealTimeQuoteTests" */;
			buildPhases = (
				A00000000000000000000082 /* Sources */,
				A00000000000000000000052 /* Frameworks */,
				A00000000000000000000092 /* Resources */,
			);
			buildRules = (
			);
			dependencies = (
				A00000000000000000000042 /* PBXTargetDependency */,
			);
			name = RealTimeQuoteTests;
			productName = RealTimeQuoteTests;
			productReference = A00000000000000000000023 /* RealTimeQuoteTests.xctest */;
			productType = "com.apple.product-type.bundle.unit-test";
		};
/* End PBXNativeTarget section */

/* Begin PBXProject section */
		A00000000000000000000000 /* Project object */ = {
			isa = PBXProject;
			attributes = {
				BuildIndependentTargetsInParallel = 1;
				LastSwiftUpdateCheck = 1600;
				LastUpgradeCheck = 1600;
				TargetAttributes = {
					A00000000000000000000001 = {
						CreatedOnToolsVersion = 16.0;
					};
					A00000000000000000000002 = {
						CreatedOnToolsVersion = 16.0;
						TestTargetID = A00000000000000000000001;
					};
				};
			};
			buildConfigurationList = A00000000000000000000073 /* Build configuration list for PBXProject "RealTimeQuote" */;
			developmentRegion = en;
			hasScannedForEncodings = 0;
			knownRegions = (
				en,
				Base,
			);
			mainGroup = A00000000000000000000061;
			minimizedProjectReferenceProxies = 1;
			preferredProjectObjectVersion = 77;
			productRefGroup = A00000000000000000000064 /* Products */;
			projectDirPath = "";
			projectRoot = "";
			targets = (
				A00000000000000000000001 /* RealTimeQuote */,
				A00000000000000000000002 /* RealTimeQuoteTests */,
			);
		};
/* End PBXProject section */

/* Begin PBXResourcesBuildPhase section */
		A00000000000000000000091 /* Resources */ = {
			isa = PBXResourcesBuildPhase;
			buildActionMask = 2147483647;
			files = (
				A00000000000000000000150 /* Assets.xcassets in Resources */,
			);
			runOnlyForDeploymentPostprocessing = 0;
		};
		A00000000000000000000092 /* Resources */ = {
			isa = PBXResourcesBuildPhase;
			buildActionMask = 2147483647;
			files = (
			);
			runOnlyForDeploymentPostprocessing = 0;
		};
/* End PBXResourcesBuildPhase section */

/* Begin PBXSourcesBuildPhase section */
		A00000000000000000000081 /* Sources */ = {
			isa = PBXSourcesBuildPhase;
			buildActionMask = 2147483647;
			files = (
				A00000000000000000000013 /* AppDependencies.swift in Sources */,
				A0000000000000000000001B /* AppSettingsStore.swift in Sources */,
				A00000000000000000000156 /* CoinbaseMarketDetailsLoader.swift in Sources */,
				A00000000000000000000117 /* CoinbaseQuoteStream.swift in Sources */,
				A00000000000000000000115 /* CoinbaseTickerMessage.swift in Sources */,
				A00000000000000000000128 /* ConnectionBadgeView.swift in Sources */,
				A00000000000000000000019 /* ConnectionState.swift in Sources */,
				A00000000000000000000120 /* ExchangePickerView.swift in Sources */,
				A00000000000000000000154 /* ExchangeMarketDetailsLoading.swift in Sources */,
				A00000000000000000000034 /* ExchangeQuoteStreaming.swift in Sources */,
				A00000000000000000000017 /* ExchangeID.swift in Sources */,
				A00000000000000000000036 /* ExchangeStreamEvent.swift in Sources */,
				A00000000000000000000152 /* MarketDetailsSnapshot.swift in Sources */,
				A00000000000000000000164 /* CoinGeckoReferenceStatsLoader.swift in Sources */,
				A00000000000000000000158 /* OKXMarketDetailsLoader.swift in Sources */,
				A0000000000000000000011B /* OKXQuoteStream.swift in Sources */,
				A00000000000000000000119 /* OKXTickerEnvelope.swift in Sources */,
				A00000000000000000000124 /* PriceHeaderView.swift in Sources */,
				A00000000000000000000015 /* QuoteBoardView.swift in Sources */,
				A0000000000000000000001C /* QuoteBoardViewModel.swift in Sources */,
				A0000000000000000000001A /* QuoteSnapshot.swift in Sources */,
				A00000000000000000000038 /* QuoteEngine.swift in Sources */,
				A00000000000000000000162 /* ReferenceStatsLoading.swift in Sources */,
				A00000000000000000000160 /* ReferenceStatsSnapshot.swift in Sources */,
				A00000000000000000000011 /* RealTimeQuoteApp.swift in Sources */,
				A00000000000000000000147 /* RuntimeConfigLoader.swift in Sources */,
				A00000000000000000000142 /* RuntimeConfig.swift in Sources */,
				A00000000000000000000144 /* RuntimeConfigSource.swift in Sources */,
				A00000000000000000000126 /* StatsGridView.swift in Sources */,
				A00000000000000000000018 /* TradingPair.swift in Sources */,
				A00000000000000000000122 /* TradingPairPickerView.swift in Sources */,
				A00000000000000000000014 /* WindowStyler.swift in Sources */,
			);
			runOnlyForDeploymentPostprocessing = 0;
		};
		A00000000000000000000082 /* Sources */ = {
			isa = PBXSourcesBuildPhase;
			buildActionMask = 2147483647;
			files = (
				A00000000000000000000111 /* CoinbaseTickerMessageTests.swift in Sources */,
				A00000000000000000000113 /* OKXTickerEnvelopeTests.swift in Sources */,
				A00000000000000000000149 /* AppDependenciesConfigTests.swift in Sources */,
				A00000000000000000000130 /* QuoteBoardPresentationStateTests.swift in Sources */,
				A00000000000000000000140 /* RuntimeConfigLoaderTests.swift in Sources */,
				A00000000000000000000032 /* QuoteEngineTests.swift in Sources */,
				A00000000000000000000016 /* TradingPairTests.swift in Sources */,
			);
			runOnlyForDeploymentPostprocessing = 0;
		};
/* End PBXSourcesBuildPhase section */

/* Begin PBXTargetDependency section */
		A00000000000000000000042 /* PBXTargetDependency */ = {
			isa = PBXTargetDependency;
			target = A00000000000000000000001 /* RealTimeQuote */;
			targetProxy = A00000000000000000000041 /* PBXContainerItemProxy */;
		};
/* End PBXTargetDependency section */

/* Begin XCBuildConfiguration section */
		A00000000000000000000101 /* Debug */ = {
			isa = XCBuildConfiguration;
			buildSettings = {
				ASSETCATALOG_COMPILER_APPICON_NAME = AppIcon;
				CODE_SIGN_STYLE = Automatic;
				COMBINE_HIDPI_IMAGES = YES;
				CODE_SIGN_ENTITLEMENTS = RealTimeQuote/RealTimeQuote.entitlements;
				CURRENT_PROJECT_VERSION = 9;
				DEVELOPMENT_TEAM = "";
				ENABLE_APP_SANDBOX = YES;
				ENABLE_HARDENED_RUNTIME = YES;
				ENABLE_PREVIEWS = YES;
				ENABLE_TESTABILITY = YES;
				GENERATE_INFOPLIST_FILE = YES;
				INFOPLIST_KEY_CFBundleDisplayName = "Real Time Quote";
				INFOPLIST_KEY_LSApplicationCategoryType = "public.app-category.finance";
				INFOPLIST_KEY_NSHumanReadableCopyright = "";
				LD_RUNPATH_SEARCH_PATHS = (
					"$(inherited)",
					"@executable_path/../Frameworks",
				);
				MACOSX_DEPLOYMENT_TARGET = 13.0;
				MARKETING_VERSION = 1.2.1;
				PRODUCT_BUNDLE_IDENTIFIER = com.tonyhuang.RealTimeQuote;
				PRODUCT_NAME = "$(TARGET_NAME)";
				SDKROOT = macosx;
				SWIFT_EMIT_LOC_STRINGS = YES;
				SWIFT_VERSION = 5.0;
			};
			name = Debug;
		};
		A00000000000000000000102 /* Release */ = {
			isa = XCBuildConfiguration;
			buildSettings = {
				ASSETCATALOG_COMPILER_APPICON_NAME = AppIcon;
				CODE_SIGN_STYLE = Automatic;
				COMBINE_HIDPI_IMAGES = YES;
				CODE_SIGN_ENTITLEMENTS = RealTimeQuote/RealTimeQuote.entitlements;
				CURRENT_PROJECT_VERSION = 9;
				DEVELOPMENT_TEAM = "";
				ENABLE_APP_SANDBOX = YES;
				ENABLE_HARDENED_RUNTIME = YES;
				GENERATE_INFOPLIST_FILE = YES;
				INFOPLIST_KEY_CFBundleDisplayName = "Real Time Quote";
				INFOPLIST_KEY_LSApplicationCategoryType = "public.app-category.finance";
				INFOPLIST_KEY_NSHumanReadableCopyright = "";
				LD_RUNPATH_SEARCH_PATHS = (
					"$(inherited)",
					"@executable_path/../Frameworks",
				);
				MACOSX_DEPLOYMENT_TARGET = 13.0;
				MARKETING_VERSION = 1.2.1;
				PRODUCT_BUNDLE_IDENTIFIER = com.tonyhuang.RealTimeQuote;
				PRODUCT_NAME = "$(TARGET_NAME)";
				SDKROOT = macosx;
				SWIFT_COMPILATION_MODE = wholemodule;
				SWIFT_VERSION = 5.0;
			};
			name = Release;
		};
		A00000000000000000000103 /* Debug */ = {
			isa = XCBuildConfiguration;
			buildSettings = {
				BUNDLE_LOADER = "$(TEST_HOST)";
				CODE_SIGN_STYLE = Automatic;
				CURRENT_PROJECT_VERSION = 1;
				DEVELOPMENT_TEAM = "";
				GENERATE_INFOPLIST_FILE = YES;
				LD_RUNPATH_SEARCH_PATHS = (
					"$(inherited)",
					"@loader_path/../Frameworks",
					"@loader_path/../../Frameworks",
				);
				MACOSX_DEPLOYMENT_TARGET = 13.0;
				MARKETING_VERSION = 1.0;
				PRODUCT_BUNDLE_IDENTIFIER = com.tonyhuang.RealTimeQuoteTests;
				PRODUCT_NAME = "$(TARGET_NAME)";
				SDKROOT = macosx;
				SWIFT_EMIT_LOC_STRINGS = NO;
				SWIFT_VERSION = 5.0;
				TEST_HOST = "$(BUILT_PRODUCTS_DIR)/RealTimeQuote.app/$(BUNDLE_EXECUTABLE_FOLDER_PATH)/RealTimeQuote";
			};
			name = Debug;
		};
		A00000000000000000000104 /* Release */ = {
			isa = XCBuildConfiguration;
			buildSettings = {
				BUNDLE_LOADER = "$(TEST_HOST)";
				CODE_SIGN_STYLE = Automatic;
				CURRENT_PROJECT_VERSION = 1;
				DEVELOPMENT_TEAM = "";
				GENERATE_INFOPLIST_FILE = YES;
				LD_RUNPATH_SEARCH_PATHS = (
					"$(inherited)",
					"@loader_path/../Frameworks",
					"@loader_path/../../Frameworks",
				);
				MACOSX_DEPLOYMENT_TARGET = 13.0;
				MARKETING_VERSION = 1.0;
				PRODUCT_BUNDLE_IDENTIFIER = com.tonyhuang.RealTimeQuoteTests;
				PRODUCT_NAME = "$(TARGET_NAME)";
				SDKROOT = macosx;
				SWIFT_COMPILATION_MODE = wholemodule;
				SWIFT_VERSION = 5.0;
				TEST_HOST = "$(BUILT_PRODUCTS_DIR)/RealTimeQuote.app/$(BUNDLE_EXECUTABLE_FOLDER_PATH)/RealTimeQuote";
			};
			name = Release;
		};
		A00000000000000000000105 /* Debug */ = {
			isa = XCBuildConfiguration;
			buildSettings = {
				ALWAYS_SEARCH_USER_PATHS = NO;
				CLANG_ANALYZER_NONNULL = YES;
				CLANG_ANALYZER_NUMBER_OBJECT_CONVERSION = YES_AGGRESSIVE;
				CLANG_CXX_LANGUAGE_STANDARD = "gnu++20";
				CLANG_ENABLE_MODULES = YES;
				CLANG_ENABLE_OBJC_ARC = YES;
				CLANG_ENABLE_OBJC_WEAK = YES;
				CLANG_WARN_BLOCK_CAPTURE_AUTORELEASING = YES;
				CLANG_WARN_BOOL_CONVERSION = YES;
				CLANG_WARN_COMMA = YES;
				CLANG_WARN_CONSTANT_CONVERSION = YES;
				CLANG_WARN_DEPRECATED_OBJC_IMPLEMENTATIONS = YES;
				CLANG_WARN_DIRECT_OBJC_ISA_USAGE = YES_ERROR;
				CLANG_WARN_DOCUMENTATION_COMMENTS = YES;
				CLANG_WARN_EMPTY_BODY = YES;
				CLANG_WARN_ENUM_CONVERSION = YES;
				CLANG_WARN_INFINITE_RECURSION = YES;
				CLANG_WARN_INT_CONVERSION = YES;
				CLANG_WARN_NON_LITERAL_NULL_CONVERSION = YES;
				CLANG_WARN_OBJC_IMPLICIT_RETAIN_SELF = YES;
				CLANG_WARN_OBJC_LITERAL_CONVERSION = YES;
				CLANG_WARN_OBJC_ROOT_CLASS = YES_ERROR;
				CLANG_WARN_QUOTED_INCLUDE_IN_FRAMEWORK_HEADER = YES;
				CLANG_WARN_RANGE_LOOP_ANALYSIS = YES;
				CLANG_WARN_STRICT_PROTOTYPES = YES;
				CLANG_WARN_SUSPICIOUS_MOVE = YES;
				CLANG_WARN_UNGUARDED_AVAILABILITY = YES_AGGRESSIVE;
				CLANG_WARN_UNREACHABLE_CODE = YES;
				COPY_PHASE_STRIP = NO;
				DEBUG_INFORMATION_FORMAT = dwarf;
				ENABLE_STRICT_OBJC_MSGSEND = YES;
				GCC_C_LANGUAGE_STANDARD = gnu17;
				GCC_DYNAMIC_NO_PIC = NO;
				GCC_NO_COMMON_BLOCKS = YES;
				GCC_OPTIMIZATION_LEVEL = 0;
				GCC_PREPROCESSOR_DEFINITIONS = (
					"DEBUG=1",
					"$(inherited)",
				);
				GCC_WARN_64_TO_32_BIT_CONVERSION = YES;
				GCC_WARN_ABOUT_RETURN_TYPE = YES_ERROR;
				GCC_WARN_UNDECLARED_SELECTOR = YES;
				GCC_WARN_UNINITIALIZED_AUTOS = YES_AGGRESSIVE;
				GCC_WARN_UNUSED_FUNCTION = YES;
				GCC_WARN_UNUSED_VARIABLE = YES;
				LOCALIZATION_PREFERS_STRING_CATALOGS = YES;
				MTL_ENABLE_DEBUG_INFO = INCLUDE_SOURCE;
				MTL_FAST_MATH = YES;
				ONLY_ACTIVE_ARCH = YES;
				SDKROOT = macosx;
				SWIFT_ACTIVE_COMPILATION_CONDITIONS = "DEBUG $(inherited)";
				SWIFT_OPTIMIZATION_LEVEL = "-Onone";
			};
			name = Debug;
		};
		A00000000000000000000106 /* Release */ = {
			isa = XCBuildConfiguration;
			buildSettings = {
				ALWAYS_SEARCH_USER_PATHS = NO;
				CLANG_ANALYZER_NONNULL = YES;
				CLANG_ANALYZER_NUMBER_OBJECT_CONVERSION = YES_AGGRESSIVE;
				CLANG_CXX_LANGUAGE_STANDARD = "gnu++20";
				CLANG_ENABLE_MODULES = YES;
				CLANG_ENABLE_OBJC_ARC = YES;
				CLANG_ENABLE_OBJC_WEAK = YES;
				CLANG_WARN_BLOCK_CAPTURE_AUTORELEASING = YES;
				CLANG_WARN_BOOL_CONVERSION = YES;
				CLANG_WARN_COMMA = YES;
				CLANG_WARN_CONSTANT_CONVERSION = YES;
				CLANG_WARN_DEPRECATED_OBJC_IMPLEMENTATIONS = YES;
				CLANG_WARN_DIRECT_OBJC_ISA_USAGE = YES_ERROR;
				CLANG_WARN_DOCUMENTATION_COMMENTS = YES;
				CLANG_WARN_EMPTY_BODY = YES;
				CLANG_WARN_ENUM_CONVERSION = YES;
				CLANG_WARN_INFINITE_RECURSION = YES;
				CLANG_WARN_INT_CONVERSION = YES;
				CLANG_WARN_NON_LITERAL_NULL_CONVERSION = YES;
				CLANG_WARN_OBJC_IMPLICIT_RETAIN_SELF = YES;
				CLANG_WARN_OBJC_LITERAL_CONVERSION = YES;
				CLANG_WARN_OBJC_ROOT_CLASS = YES_ERROR;
				CLANG_WARN_QUOTED_INCLUDE_IN_FRAMEWORK_HEADER = YES;
				CLANG_WARN_RANGE_LOOP_ANALYSIS = YES;
				CLANG_WARN_STRICT_PROTOTYPES = YES;
				CLANG_WARN_SUSPICIOUS_MOVE = YES;
				CLANG_WARN_UNGUARDED_AVAILABILITY = YES_AGGRESSIVE;
				CLANG_WARN_UNREACHABLE_CODE = YES;
				COPY_PHASE_STRIP = NO;
				DEBUG_INFORMATION_FORMAT = "dwarf-with-dsym";
				ENABLE_NS_ASSERTIONS = NO;
				ENABLE_STRICT_OBJC_MSGSEND = YES;
				GCC_C_LANGUAGE_STANDARD = gnu17;
				GCC_NO_COMMON_BLOCKS = YES;
				GCC_WARN_64_TO_32_BIT_CONVERSION = YES;
				GCC_WARN_ABOUT_RETURN_TYPE = YES_ERROR;
				GCC_WARN_UNDECLARED_SELECTOR = YES;
				GCC_WARN_UNINITIALIZED_AUTOS = YES_AGGRESSIVE;
				GCC_WARN_UNUSED_FUNCTION = YES;
				GCC_WARN_UNUSED_VARIABLE = YES;
				LOCALIZATION_PREFERS_STRING_CATALOGS = YES;
				MTL_ENABLE_DEBUG_INFO = NO;
				MTL_FAST_MATH = YES;
				SDKROOT = macosx;
				SWIFT_COMPILATION_MODE = wholemodule;
				SWIFT_OPTIMIZATION_LEVEL = "-O";
			};
			name = Release;
		};
/* End XCBuildConfiguration section */

/* Begin XCConfigurationList section */
		A00000000000000000000071 /* Build configuration list for PBXNativeTarget "RealTimeQuote" */ = {
			isa = XCConfigurationList;
			buildConfigurations = (
				A00000000000000000000101 /* Debug */,
				A00000000000000000000102 /* Release */,
			);
			defaultConfigurationIsVisible = 0;
			defaultConfigurationName = Debug;
		};
		A00000000000000000000072 /* Build configuration list for PBXNativeTarget "RealTimeQuoteTests" */ = {
			isa = XCConfigurationList;
			buildConfigurations = (
				A00000000000000000000103 /* Debug */,
				A00000000000000000000104 /* Release */,
			);
			defaultConfigurationIsVisible = 0;
			defaultConfigurationName = Debug;
		};
		A00000000000000000000073 /* Build configuration list for PBXProject "RealTimeQuote" */ = {
			isa = XCConfigurationList;
			buildConfigurations = (
				A00000000000000000000105 /* Debug */,
				A00000000000000000000106 /* Release */,
			);
			defaultConfigurationIsVisible = 0;
			defaultConfigurationName = Debug;
		};
/* End XCConfigurationList section */
	};
	rootObject = A00000000000000000000000 /* Project object */;
}
